
Microsoft Visual Studio Solution File, Format Version 12.00
# Visual Studio Version 17
VisualStudioVersion = 17.13.35913.81
MinimumVisualStudioVersion = 10.0.40219.1
Project("{2150E333-8FDC-42A3-9474-1A3956D46DE8}") = "Application", "Application", "{02EA681E-C7D8-13C7-8484-4AC65E1B71E8}"
EndProject
Project("{2150E333-8FDC-42A3-9474-1A3956D46DE8}") = "Domain", "Domain", "{0CFB48AC-C783-496A-B548-9FACC89A6B13}"
EndProject
Project("{2150E333-8FDC-42A3-9474-1A3956D46DE8}") = "Infraestructure", "Infraestructure", "{6E43DE94-6E50-4A12-B8F4-0A56D08196DB}"
EndProject
Project("{2150E333-8FDC-42A3-9474-1A3956D46DE8}") = "Transversal", "Transversal", "{68FF348A-E794-461D-9D2C-C1FA1A6C597B}"
EndProject
Project("{2150E333-8FDC-42A3-9474-1A3956D46DE8}") = "Test", "Test", "{DAF9BC2E-6334-45B9-8BA8-886643D9CFD4}"
EndProject
Project("{FAE04EC0-301F-11D3-BF4B-00C04F79EFBC}") = "TFC.Application.DTO", "TFC.Application.DTO\TFC.Application.DTO.csproj", "{CBE78125-F720-43D5-B5FF-5DA04D681060}"
EndProject
Project("{FAE04EC0-301F-11D3-BF4B-00C04F79EFBC}") = "TFC.Application.Interface", "TFC.Application.Interface\TFC.Application.Interface.csproj", "{3D3DCCE5-E06F-46D2-92F6-6B8B57B9CE0D}"
EndProject
Project("{2150E333-8FDC-42A3-9474-1A3956D46DE8}") = "Service", "Service", "{13AF2ED0-1578-4D6E-8449-961D1D41CB49}"
EndProject
Project("{FAE04EC0-301F-11D3-BF4B-00C04F79EFBC}") = "TFC.Service.Web.API", "TFC.Service.Web.API\TFC.Service.Web.API.csproj", "{53F397DB-8455-493D-9D4F-DDB8D4567A9F}"
EndProject
Project("{FAE04EC0-301F-11D3-BF4B-00C04F79EFBC}") = "TFC.Domain.Core", "TFC.Domain.Core\TFC.Domain.Core.csproj", "{31F93BF0-8C2F-436D-8A9A-8553BC6D9B78}"
EndProject
Project("{FAE04EC0-301F-11D3-BF4B-00C04F79EFBC}") = "TFC.Domain.Entity", "TFC.Domain.Entity\TFC.Domain.Entity.csproj", "{788BFC8B-C915-440F-8459-B8A1E5070100}"
EndProject
Project("{FAE04EC0-301F-11D3-BF4B-00C04F79EFBC}") = "TFC.Infraestructure.Repository", "TFC.Infraestructure.Repository\TFC.Infraestructure.Repository.csproj", "{452E2CCD-F15C-4C98-AF54-0B47D86A1827}"
EndProject
Project("{FAE04EC0-301F-11D3-BF4B-00C04F79EFBC}") = "TFC.Application.Main", "TFC.Application.Main\TFC.Application.Main.csproj", "{07F5E399-0734-4114-9365-E81C7F390E6E}"
EndProject
Project("{FAE04EC0-301F-11D3-BF4B-00C04F79EFBC}") = "TFC.Infraestructure.Contexts", "TFC.Infraestructure.Contexts\TFC.Infraestructure.Contexts.csproj", "{8EA76240-4E8E-4891-9E5B-7B44E6406E47}"
EndProject
Project("{FAE04EC0-301F-11D3-BF4B-00C04F79EFBC}") = "TFC.Transversal.Security", "TFC.Transversal.Security\TFC.Transversal.Security.csproj", "{FE547171-DCA3-4900-BDC4-73591E7BD3C9}"
EndProject
Project("{FAE04EC0-301F-11D3-BF4B-00C04F79EFBC}") = "TFC.Transversal.Mail", "TFC.Transversal.Mail\TFC.Transversal.Mail.csproj", "{187859CE-57B3-4A1F-B8F4-BA7F046F833A}"
EndProject
Global
	GlobalSection(SolutionConfigurationPlatforms) = preSolution
		Debug|Any CPU = Debug|Any CPU
		Release|Any CPU = Release|Any CPU
	EndGlobalSection
	GlobalSection(ProjectConfigurationPlatforms) = postSolution
		{CBE78125-F720-43D5-B5FF-5DA04D681060}.Debug|Any CPU.ActiveCfg = Debug|Any CPU
		{CBE78125-F720-43D5-B5FF-5DA04D681060}.Debug|Any CPU.Build.0 = Debug|Any CPU
		{CBE78125-F720-43D5-B5FF-5DA04D681060}.Release|Any CPU.ActiveCfg = Release|Any CPU
		{CBE78125-F720-43D5-B5FF-5DA04D681060}.Release|Any CPU.Build.0 = Release|Any CPU
		{3D3DCCE5-E06F-46D2-92F6-6B8B57B9CE0D}.Debug|Any CPU.ActiveCfg = Debug|Any CPU
		{3D3DCCE5-E06F-46D2-92F6-6B8B57B9CE0D}.Debug|Any CPU.Build.0 = Debug|Any CPU
		{3D3DCCE5-E06F-46D2-92F6-6B8B57B9CE0D}.Release|Any CPU.ActiveCfg = Release|Any CPU
		{3D3DCCE5-E06F-46D2-92F6-6B8B57B9CE0D}.Release|Any CPU.Build.0 = Release|Any CPU
		{53F397DB-8455-493D-9D4F-DDB8D4567A9F}.Debug|Any CPU.ActiveCfg = Debug|Any CPU
		{53F397DB-8455-493D-9D4F-DDB8D4567A9F}.Debug|Any CPU.Build.0 = Debug|Any CPU
		{53F397DB-8455-493D-9D4F-DDB8D4567A9F}.Release|Any CPU.ActiveCfg = Release|Any CPU
		{53F397DB-8455-493D-9D4F-DDB8D4567A9F}.Release|Any CPU.Build.0 = Release|Any CPU
		{31F93BF0-8C2F-436D-8A9A-8553BC6D9B78}.Debug|Any CPU.ActiveCfg = Debug|Any CPU
		{31F93BF0-8C2F-436D-8A9A-8553BC6D9B78}.Debug|Any CPU.Build.0 = Debug|Any CPU
		{31F93BF0-8C2F-436D-8A9A-8553BC6D9B78}.Release|Any CPU.ActiveCfg = Release|Any CPU
		{31F93BF0-8C2F-436D-8A9A-8553BC6D9B78}.Release|Any CPU.Build.0 = Release|Any CPU
		{788BFC8B-C915-440F-8459-B8A1E5070100}.Debug|Any CPU.ActiveCfg = Debug|Any CPU
		{788BFC8B-C915-440F-8459-B8A1E5070100}.Debug|Any CPU.Build.0 = Debug|Any CPU
		{788BFC8B-C915-440F-8459-B8A1E5070100}.Release|Any CPU.ActiveCfg = Release|Any CPU
		{788BFC8B-C915-440F-8459-B8A1E5070100}.Release|Any CPU.Build.0 = Release|Any CPU
		{452E2CCD-F15C-4C98-AF54-0B47D86A1827}.Debug|Any CPU.ActiveCfg = Debug|Any CPU
		{452E2CCD-F15C-4C98-AF54-0B47D86A1827}.Debug|Any CPU.Build.0 = Debug|Any CPU
		{452E2CCD-F15C-4C98-AF54-0B47D86A1827}.Release|Any CPU.ActiveCfg = Release|Any CPU
		{452E2CCD-F15C-4C98-AF54-0B47D86A1827}.Release|Any CPU.Build.0 = Release|Any CPU
		{07F5E399-0734-4114-9365-E81C7F390E6E}.Debug|Any CPU.ActiveCfg = Debug|Any CPU
		{07F5E399-0734-4114-9365-E81C7F390E6E}.Debug|Any CPU.Build.0 = Debug|Any CPU
		{07F5E399-0734-4114-9365-E81C7F390E6E}.Release|Any CPU.ActiveCfg = Release|Any CPU
		{07F5E399-0734-4114-9365-E81C7F390E6E}.Release|Any CPU.Build.0 = Release|Any CPU
		{8EA76240-4E8E-4891-9E5B-7B44E6406E47}.Debug|Any CPU.ActiveCfg = Debug|Any CPU
		{8EA76240-4E8E-4891-9E5B-7B44E6406E47}.Debug|Any CPU.Build.0 = Debug|Any CPU
		{8EA76240-4E8E-4891-9E5B-7B44E6406E47}.Release|Any CPU.ActiveCfg = Release|Any CPU
		{8EA76240-4E8E-4891-9E5B-7B44E6406E47}.Release|Any CPU.Build.0 = Release|Any CPU
		{FE547171-DCA3-4900-BDC4-73591E7BD3C9}.Debug|Any CPU.ActiveCfg = Debug|Any CPU
		{FE547171-DCA3-4900-BDC4-73591E7BD3C9}.Debug|Any CPU.Build.0 = Debug|Any CPU
		{FE547171-DCA3-4900-BDC4-73591E7BD3C9}.Release|Any CPU.ActiveCfg = Release|Any CPU
		{FE547171-DCA3-4900-BDC4-73591E7BD3C9}.Release|Any CPU.Build.0 = Release|Any CPU
		{187859CE-57B3-4A1F-B8F4-BA7F046F833A}.Debug|Any CPU.ActiveCfg = Debug|Any CPU
		{187859CE-57B3-4A1F-B8F4-BA7F046F833A}.Debug|Any CPU.Build.0 = Debug|Any CPU
		{187859CE-57B3-4A1F-B8F4-BA7F046F833A}.Release|Any CPU.ActiveCfg = Release|Any CPU
		{187859CE-57B3-4A1F-B8F4-BA7F046F833A}.Release|Any CPU.Build.0 = Release|Any CPU
	EndGlobalSection
	GlobalSection(SolutionProperties) = preSolution
		HideSolutionNode = FALSE
	EndGlobalSection
	GlobalSection(NestedProjects) = preSolution
		{CBE78125-F720-43D5-B5FF-5DA04D681060} = {02EA681E-C7D8-13C7-8484-4AC65E1B71E8}
		{3D3DCCE5-E06F-46D2-92F6-6B8B57B9CE0D} = {02EA681E-C7D8-13C7-8484-4AC65E1B71E8}
		{53F397DB-8455-493D-9D4F-DDB8D4567A9F} = {13AF2ED0-1578-4D6E-8449-961D1D41CB49}
		{31F93BF0-8C2F-436D-8A9A-8553BC6D9B78} = {0CFB48AC-C783-496A-B548-9FACC89A6B13}
		{788BFC8B-C915-440F-8459-B8A1E5070100} = {0CFB48AC-C783-496A-B548-9FACC89A6B13}
		{452E2CCD-F15C-4C98-AF54-0B47D86A1827} = {6E43DE94-6E50-4A12-B8F4-0A56D08196DB}
		{07F5E399-0734-4114-9365-E81C7F390E6E} = {02EA681E-C7D8-13C7-8484-4AC65E1B71E8}
		{8EA76240-4E8E-4891-9E5B-7B44E6406E47} = {6E43DE94-6E50-4A12-B8F4-0A56D08196DB}
		{FE547171-DCA3-4900-BDC4-73591E7BD3C9} = {68FF348A-E794-461D-9D2C-C1FA1A6C597B}
		{187859CE-57B3-4A1F-B8F4-BA7F046F833A} = {68FF348A-E794-461D-9D2C-C1FA1A6C597B}
	EndGlobalSection
	GlobalSection(ExtensibilityGlobals) = postSolution
		SolutionGuid = {A94BBF80-4824-4D32-A700-5561EBF45590}
	EndGlobalSection
EndGlobal
